
Microsoft Visual Studio Solution File, Format Version 12.00
# Visual Studio 15
VisualStudioVersion = 15.0.27703.2042
MinimumVisualStudioVersion = 10.0.40219.1
Project("{8BC9CEB8-8B4A-11D0-8D11-00A0C91BC942}") = "Microsoft.Maker.Serial", "SerialWiring\Microsoft.Maker.Serial.win10\Microsoft.Maker.Serial.vcxproj", "{8376216C-282A-4927-B9EF-C2D545FE0BCA}"
EndProject
Project("{8BC9CEB8-8B4A-11D0-8D11-00A0C91BC942}") = "Microsoft.Maker.RemoteWiring", "RemoteWiring\Microsoft.Maker.win10\Microsoft.Maker.RemoteWiring\Microsoft.Maker.RemoteWiring.vcxproj", "{5A8B1BB1-7CD5-47C4-A1F7-D7BCF5FACAD1}"
EndProject
Project("{8BC9CEB8-8B4A-11D0-8D11-00A0C91BC942}") = "Microsoft.Maker.Firmata", "RemoteWiring\Microsoft.Maker.win10\Microsoft.Maker.Firmata\Microsoft.Maker.Firmata.vcxproj", "{F0A53BC9-C617-47DD-8B68-F91E3502D633}"
EndProject
Project("{8BC9CEB8-8B4A-11D0-8D11-00A0C91BC942}") = "ArduinoProviders", "ArduinoProviders\ArduinoProviders.vcxproj", "{46A913D5-F809-4026-9DC9-CF94F643A0FE}"
EndProject
Project("{FAE04EC0-301F-11D3-BF4B-00C04F79EFBC}") = "BlockCode", "BlockCode\BlockCode.csproj", "{D4FE63CE-E6FC-405F-A240-64D3E711B9E1}"
EndProject
Project("{FAE04EC0-301F-11D3-BF4B-00C04F79EFBC}") = "ArduinoSelector", "ArduinoSelector\ArduinoSelector.csproj", "{26B045B7-D0FF-4A24-B67D-A7DA1BB66FBF}"
EndProject
Project("{FAE04EC0-301F-11D3-BF4B-00C04F79EFBC}") = "ArduinoUploader", "ArduinoUploader\ArduinoUploader.csproj", "{268EF1A2-0D8B-40AB-9A75-71B820E1F48C}"
EndProject
Project("{FAE04EC0-301F-11D3-BF4B-00C04F79EFBC}") = "UWPIntelHexFormatReader", "UWPIntelHexFormatReader\UWPIntelHexFormatReader.csproj", "{04BE1145-CB92-47AB-81B8-616ED045FC99}"
EndProject
Project("{262852C6-CD72-467D-83FE-5EEB1973A190}") = "DataStreamerConnect", "DataStreamerConnect\DataStreamerConnect.jsproj", "{E2C5F81C-3114-4FA1-9D49-788D0A4954AB}"
EndProject
Project("{FAE04EC0-301F-11D3-BF4B-00C04F79EFBC}") = "DSConnectAppService", "DSConnectAppService\DSConnectAppService.csproj", "{0D33727F-7BE0-494F-9E3C-3500644B76F4}"
EndProject
Global
	GlobalSection(SolutionConfigurationPlatforms) = preSolution
		Debug|x64 = Debug|x64
		Debug|x86 = Debug|x86
		Release|x64 = Release|x64
		Release|x86 = Release|x86
	EndGlobalSection
	GlobalSection(ProjectConfigurationPlatforms) = postSolution
		{8376216C-282A-4927-B9EF-C2D545FE0BCA}.Debug|x64.ActiveCfg = Debug|x64
		{8376216C-282A-4927-B9EF-C2D545FE0BCA}.Debug|x64.Build.0 = Debug|x64
		{8376216C-282A-4927-B9EF-C2D545FE0BCA}.Debug|x86.ActiveCfg = Debug|Win32
		{8376216C-282A-4927-B9EF-C2D545FE0BCA}.Debug|x86.Build.0 = Debug|Win32
		{8376216C-282A-4927-B9EF-C2D545FE0BCA}.Release|x64.ActiveCfg = Release|x64
		{8376216C-282A-4927-B9EF-C2D545FE0BCA}.Release|x64.Build.0 = Release|x64
		{8376216C-282A-4927-B9EF-C2D545FE0BCA}.Release|x86.ActiveCfg = Release|Win32
		{8376216C-282A-4927-B9EF-C2D545FE0BCA}.Release|x86.Build.0 = Release|Win32
		{5A8B1BB1-7CD5-47C4-A1F7-D7BCF5FACAD1}.Debug|x64.ActiveCfg = Debug|x64
		{5A8B1BB1-7CD5-47C4-A1F7-D7BCF5FACAD1}.Debug|x64.Build.0 = Debug|x64
		{5A8B1BB1-7CD5-47C4-A1F7-D7BCF5FACAD1}.Debug|x86.ActiveCfg = Debug|Win32
		{5A8B1BB1-7CD5-47C4-A1F7-D7BCF5FACAD1}.Debug|x86.Build.0 = Debug|Win32
		{5A8B1BB1-7CD5-47C4-A1F7-D7BCF5FACAD1}.Release|x64.ActiveCfg = Release|x64
		{5A8B1BB1-7CD5-47C4-A1F7-D7BCF5FACAD1}.Release|x64.Build.0 = Release|x64
		{5A8B1BB1-7CD5-47C4-A1F7-D7BCF5FACAD1}.Release|x86.ActiveCfg = Release|Win32
		{5A8B1BB1-7CD5-47C4-A1F7-D7BCF5FACAD1}.Release|x86.Build.0 = Release|Win32
		{F0A53BC9-C617-47DD-8B68-F91E3502D633}.Debug|x64.ActiveCfg = Debug|x64
		{F0A53BC9-C617-47DD-8B68-F91E3502D633}.Debug|x64.Build.0 = Debug|x64
		{F0A53BC9-C617-47DD-8B68-F91E3502D633}.Debug|x86.ActiveCfg = Debug|Win32
		{F0A53BC9-C617-47DD-8B68-F91E3502D633}.Debug|x86.Build.0 = Debug|Win32
		{F0A53BC9-C617-47DD-8B68-F91E3502D633}.Release|x64.ActiveCfg = Release|x64
		{F0A53BC9-C617-47DD-8B68-F91E3502D633}.Release|x64.Build.0 = Release|x64
		{F0A53BC9-C617-47DD-8B68-F91E3502D633}.Release|x86.ActiveCfg = Release|Win32
		{F0A53BC9-C617-47DD-8B68-F91E3502D633}.Release|x86.Build.0 = Release|Win32
		{46A913D5-F809-4026-9DC9-CF94F643A0FE}.Debug|x64.ActiveCfg = Debug|x64
		{46A913D5-F809-4026-9DC9-CF94F643A0FE}.Debug|x64.Build.0 = Debug|x64
		{46A913D5-F809-4026-9DC9-CF94F643A0FE}.Debug|x86.ActiveCfg = Debug|Win32
		{46A913D5-F809-4026-9DC9-CF94F643A0FE}.Debug|x86.Build.0 = Debug|Win32
		{46A913D5-F809-4026-9DC9-CF94F643A0FE}.Release|x64.ActiveCfg = Release|x64
		{46A913D5-F809-4026-9DC9-CF94F643A0FE}.Release|x64.Build.0 = Release|x64
		{46A913D5-F809-4026-9DC9-CF94F643A0FE}.Release|x86.ActiveCfg = Release|Win32
		{46A913D5-F809-4026-9DC9-CF94F643A0FE}.Release|x86.Build.0 = Release|Win32
		{D4FE63CE-E6FC-405F-A240-64D3E711B9E1}.Debug|x64.ActiveCfg = Debug|x64
		{D4FE63CE-E6FC-405F-A240-64D3E711B9E1}.Debug|x64.Build.0 = Debug|x64
		{D4FE63CE-E6FC-405F-A240-64D3E711B9E1}.Debug|x86.ActiveCfg = Debug|x86
		{D4FE63CE-E6FC-405F-A240-64D3E711B9E1}.Debug|x86.Build.0 = Debug|x86
		{D4FE63CE-E6FC-405F-A240-64D3E711B9E1}.Release|x64.ActiveCfg = Release|x64
		{D4FE63CE-E6FC-405F-A240-64D3E711B9E1}.Release|x64.Build.0 = Release|x64
		{D4FE63CE-E6FC-405F-A240-64D3E711B9E1}.Release|x86.ActiveCfg = Release|x86
		{D4FE63CE-E6FC-405F-A240-64D3E711B9E1}.Release|x86.Build.0 = Release|x86
		{26B045B7-D0FF-4A24-B67D-A7DA1BB66FBF}.Debug|x64.ActiveCfg = Debug|x64
		{26B045B7-D0FF-4A24-B67D-A7DA1BB66FBF}.Debug|x64.Build.0 = Debug|x64
		{26B045B7-D0FF-4A24-B67D-A7DA1BB66FBF}.Debug|x86.ActiveCfg = Debug|x86
		{26B045B7-D0FF-4A24-B67D-A7DA1BB66FBF}.Debug|x86.Build.0 = Debug|x86
		{26B045B7-D0FF-4A24-B67D-A7DA1BB66FBF}.Release|x64.ActiveCfg = Release|x64
		{26B045B7-D0FF-4A24-B67D-A7DA1BB66FBF}.Release|x64.Build.0 = Release|x64
		{26B045B7-D0FF-4A24-B67D-A7DA1BB66FBF}.Release|x86.ActiveCfg = Release|x86
		{26B045B7-D0FF-4A24-B67D-A7DA1BB66FBF}.Release|x86.Build.0 = Release|x86
		{268EF1A2-0D8B-40AB-9A75-71B820E1F48C}.Debug|x64.ActiveCfg = Debug|x64
		{268EF1A2-0D8B-40AB-9A75-71B820E1F48C}.Debug|x64.Build.0 = Debug|x64
		{268EF1A2-0D8B-40AB-9A75-71B820E1F48C}.Debug|x86.ActiveCfg = Debug|x86
		{268EF1A2-0D8B-40AB-9A75-71B820E1F48C}.Debug|x86.Build.0 = Debug|x86
		{268EF1A2-0D8B-40AB-9A75-71B820E1F48C}.Release|x64.ActiveCfg = Release|x64
		{268EF1A2-0D8B-40AB-9A75-71B820E1F48C}.Release|x64.Build.0 = Release|x64
		{268EF1A2-0D8B-40AB-9A75-71B820E1F48C}.Release|x86.ActiveCfg = Release|x86
		{268EF1A2-0D8B-40AB-9A75-71B820E1F48C}.Release|x86.Build.0 = Release|x86
		{04BE1145-CB92-47AB-81B8-616ED045FC99}.Debug|x64.ActiveCfg = Debug|x64
		{04BE1145-CB92-47AB-81B8-616ED045FC99}.Debug|x64.Build.0 = Debug|x64
		{04BE1145-CB92-47AB-81B8-616ED045FC99}.Debug|x86.ActiveCfg = Debug|x86
		{04BE1145-CB92-47AB-81B8-616ED045FC99}.Debug|x86.Build.0 = Debug|x86
		{04BE1145-CB92-47AB-81B8-616ED045FC99}.Release|x64.ActiveCfg = Release|x64
		{04BE1145-CB92-47AB-81B8-616ED045FC99}.Release|x64.Build.0 = Release|x64
		{04BE1145-CB92-47AB-81B8-616ED045FC99}.Release|x86.ActiveCfg = Release|x86
		{04BE1145-CB92-47AB-81B8-616ED045FC99}.Release|x86.Build.0 = Release|x86
		{E2C5F81C-3114-4FA1-9D49-788D0A4954AB}.Debug|x64.ActiveCfg = Debug|x64
		{E2C5F81C-3114-4FA1-9D49-788D0A4954AB}.Debug|x64.Build.0 = Debug|x64
		{E2C5F81C-3114-4FA1-9D49-788D0A4954AB}.Debug|x64.Deploy.0 = Debug|x64
		{E2C5F81C-3114-4FA1-9D49-788D0A4954AB}.Debug|x86.ActiveCfg = Debug|x86
		{E2C5F81C-3114-4FA1-9D49-788D0A4954AB}.Debug|x86.Build.0 = Debug|x86
		{E2C5F81C-3114-4FA1-9D49-788D0A4954AB}.Debug|x86.Deploy.0 = Debug|x86
		{E2C5F81C-3114-4FA1-9D49-788D0A4954AB}.Release|x64.ActiveCfg = Release|x64
		{E2C5F81C-3114-4FA1-9D49-788D0A4954AB}.Release|x64.Build.0 = Release|x64
		{E2C5F81C-3114-4FA1-9D49-788D0A4954AB}.Release|x64.Deploy.0 = Release|x64
		{E2C5F81C-3114-4FA1-9D49-788D0A4954AB}.Release|x86.ActiveCfg = Release|x86
		{E2C5F81C-3114-4FA1-9D49-788D0A4954AB}.Release|x86.Build.0 = Release|x86
		{E2C5F81C-3114-4FA1-9D49-788D0A4954AB}.Release|x86.Deploy.0 = Release|x86
		{0D33727F-7BE0-494F-9E3C-3500644B76F4}.Debug|x64.ActiveCfg = Debug|x64
		{0D33727F-7BE0-494F-9E3C-3500644B76F4}.Debug|x64.Build.0 = Debug|x64
		{0D33727F-7BE0-494F-9E3C-3500644B76F4}.Debug|x86.ActiveCfg = Debug|x86
		{0D33727F-7BE0-494F-9E3C-3500644B76F4}.Debug|x86.Build.0 = Debug|x86
		{0D33727F-7BE0-494F-9E3C-3500644B76F4}.Release|x64.ActiveCfg = Release|x64
		{0D33727F-7BE0-494F-9E3C-3500644B76F4}.Release|x64.Build.0 = Release|x64
		{0D33727F-7BE0-494F-9E3C-3500644B76F4}.Release|x86.ActiveCfg = Release|x86
		{0D33727F-7BE0-494F-9E3C-3500644B76F4}.Release|x86.Build.0 = Release|x86
	EndGlobalSection
	GlobalSection(SolutionProperties) = preSolution
		HideSolutionNode = FALSE
	EndGlobalSection
	GlobalSection(ExtensibilityGlobals) = postSolution
		SolutionGuid = {3D4082C7-E496-4E29-A9EC-5A7A98E410BD}
	EndGlobalSection
EndGlobal
